// !$*UTF8*$!
{
	archiveVersion = 1;
	classes = {
	};
	objectVersion = 56;
	objects = {

/* Begin PBXBuildFile section */
		2D386554296886F500DA8040 /* AfricaApp.swift in Sources */ = {isa = PBXBuildFile; fileRef = 2D386553296886F500DA8040 /* AfricaApp.swift */; };
		2D386556296886F500DA8040 /* ContentView.swift in Sources */ = {isa = PBXBuildFile; fileRef = 2D386555296886F500DA8040 /* ContentView.swift */; };
		2D386558296886F700DA8040 /* Assets.xcassets in Resources */ = {isa = PBXBuildFile; fileRef = 2D386557296886F700DA8040 /* Assets.xcassets */; };
		2D38655B296886F700DA8040 /* Preview Assets.xcassets in Resources */ = {isa = PBXBuildFile; fileRef = 2D38655A296886F700DA8040 /* Preview Assets.xcassets */; };
		2D38656829688F5400DA8040 /* covers.json in Resources */ = {isa = PBXBuildFile; fileRef = 2D38656429688F5400DA8040 /* covers.json */; };
		2D38656929688F5400DA8040 /* animals.json in Resources */ = {isa = PBXBuildFile; fileRef = 2D38656529688F5400DA8040 /* animals.json */; };
		2D38656A29688F5400DA8040 /* locations.json in Resources */ = {isa = PBXBuildFile; fileRef = 2D38656629688F5400DA8040 /* locations.json */; };
		2D38656B29688F5400DA8040 /* videos.json in Resources */ = {isa = PBXBuildFile; fileRef = 2D38656729688F5400DA8040 /* videos.json */; };
		2D38656F2968936A00DA8040 /* VideoListView.swift in Sources */ = {isa = PBXBuildFile; fileRef = 2D38656E2968936A00DA8040 /* VideoListView.swift */; };
		2D3865712968937800DA8040 /* MapView.swift in Sources */ = {isa = PBXBuildFile; fileRef = 2D3865702968937800DA8040 /* MapView.swift */; };
		2D386573296893AC00DA8040 /* GalleryView.swift in Sources */ = {isa = PBXBuildFile; fileRef = 2D386572296893AC00DA8040 /* GalleryView.swift */; };
		2D386575296893BC00DA8040 /* MainView.swift in Sources */ = {isa = PBXBuildFile; fileRef = 2D386574296893BC00DA8040 /* MainView.swift */; };
		2D3865782969D61800DA8040 /* CoverImageView.swift in Sources */ = {isa = PBXBuildFile; fileRef = 2D3865772969D61800DA8040 /* CoverImageView.swift */; };
		2D38657B2969DABF00DA8040 /* CoverImageModel.swift in Sources */ = {isa = PBXBuildFile; fileRef = 2D38657A2969DABF00DA8040 /* CoverImageModel.swift */; };
		2D38657E2969DC2C00DA8040 /* CodableBundleExtension.swift in Sources */ = {isa = PBXBuildFile; fileRef = 2D38657D2969DC2C00DA8040 /* CodableBundleExtension.swift */; };
		2D386580296B26B200DA8040 /* AnimalListItemView.swift in Sources */ = {isa = PBXBuildFile; fileRef = 2D38657F296B26B200DA8040 /* AnimalListItemView.swift */; };
		2D386582296B284900DA8040 /* AnimalModel.swift in Sources */ = {isa = PBXBuildFile; fileRef = 2D386581296B284900DA8040 /* AnimalModel.swift */; };
		2D386584296B2C4F00DA8040 /* AnimalDetailView.swift in Sources */ = {isa = PBXBuildFile; fileRef = 2D386583296B2C4F00DA8040 /* AnimalDetailView.swift */; };
		2D386586296B315400DA8040 /* HeadingView.swift in Sources */ = {isa = PBXBuildFile; fileRef = 2D386585296B315400DA8040 /* HeadingView.swift */; };
		2D386588296B329D00DA8040 /* InsetGalleryView.swift in Sources */ = {isa = PBXBuildFile; fileRef = 2D386587296B329D00DA8040 /* InsetGalleryView.swift */; };
		2D38658A296B380100DA8040 /* InsetFactView.swift in Sources */ = {isa = PBXBuildFile; fileRef = 2D386589296B380100DA8040 /* InsetFactView.swift */; };
		2DDB8FB4296C3B9400EB2FA3 /* InsetMapView.swift in Sources */ = {isa = PBXBuildFile; fileRef = 2DDB8FB3296C3B9400EB2FA3 /* InsetMapView.swift */; };
		2DDB8FB6296C45AA00EB2FA3 /* ExternalWeblinkView.swift in Sources */ = {isa = PBXBuildFile; fileRef = 2DDB8FB5296C45AA00EB2FA3 /* ExternalWeblinkView.swift */; };
		2DDB8FB8296CE7AF00EB2FA3 /* VideoModel.swift in Sources */ = {isa = PBXBuildFile; fileRef = 2DDB8FB7296CE7AF00EB2FA3 /* VideoModel.swift */; };
		2DDB8FBA296CE8A500EB2FA3 /* VideoListItemView.swift in Sources */ = {isa = PBXBuildFile; fileRef = 2DDB8FB9296CE8A500EB2FA3 /* VideoListItemView.swift */; };
		2DDB8FBC296CF11600EB2FA3 /* VideoPlayerView.swift in Sources */ = {isa = PBXBuildFile; fileRef = 2DDB8FBB296CF11600EB2FA3 /* VideoPlayerView.swift */; };
		2DDB8FC1296CF25100EB2FA3 /* VideoPlayer.swift in Sources */ = {isa = PBXBuildFile; fileRef = 2DDB8FC0296CF25100EB2FA3 /* VideoPlayer.swift */; };
		2DDB8FCE296DA05900EB2FA3 /* gorilla.mp4 in Resources */ = {isa = PBXBuildFile; fileRef = 2DDB8FC4296DA05700EB2FA3 /* gorilla.mp4 */; };
		2DDB8FCF296DA05900EB2FA3 /* ostrich.mp4 in Resources */ = {isa = PBXBuildFile; fileRef = 2DDB8FC5296DA05700EB2FA3 /* ostrich.mp4 */; };
		2DDB8FD0296DA05900EB2FA3 /* rhino.mp4 in Resources */ = {isa = PBXBuildFile; fileRef = 2DDB8FC6296DA05700EB2FA3 /* rhino.mp4 */; };
		2DDB8FD1296DA05900EB2FA3 /* lion.mp4 in Resources */ = {isa = PBXBuildFile; fileRef = 2DDB8FC7296DA05700EB2FA3 /* lion.mp4 */; };
		2DDB8FD2296DA05900EB2FA3 /* cheetah.mp4 in Resources */ = {isa = PBXBuildFile; fileRef = 2DDB8FC8296DA05700EB2FA3 /* cheetah.mp4 */; };
		2DDB8FD3296DA05900EB2FA3 /* lioness.mp4 in Resources */ = {isa = PBXBuildFile; fileRef = 2DDB8FC9296DA05800EB2FA3 /* lioness.mp4 */; };
		2DDB8FD4296DA05900EB2FA3 /* elephant.mp4 in Resources */ = {isa = PBXBuildFile; fileRef = 2DDB8FCA296DA05800EB2FA3 /* elephant.mp4 */; };
		2DDB8FD5296DA05900EB2FA3 /* giraffe.mp4 in Resources */ = {isa = PBXBuildFile; fileRef = 2DDB8FCB296DA05800EB2FA3 /* giraffe.mp4 */; };
		2DDB8FD6296DA05900EB2FA3 /* zebra.mp4 in Resources */ = {isa = PBXBuildFile; fileRef = 2DDB8FCC296DA05800EB2FA3 /* zebra.mp4 */; };
		2DDB8FD7296DA05900EB2FA3 /* hippo.mp4 in Resources */ = {isa = PBXBuildFile; fileRef = 2DDB8FCD296DA05900EB2FA3 /* hippo.mp4 */; };
/* End PBXBuildFile section */

/* Begin PBXFileReference section */
		2D386550296886F500DA8040 /* Africa.app */ = {isa = PBXFileReference; explicitFileType = wrapper.application; includeInIndex = 0; path = Africa.app; sourceTree = BUILT_PRODUCTS_DIR; };
		2D386553296886F500DA8040 /* AfricaApp.swift */ = {isa = PBXFileReference; lastKnownFileType = sourcecode.swift; path = AfricaApp.swift; sourceTree = "<group>"; };
		2D386555296886F500DA8040 /* ContentView.swift */ = {isa = PBXFileReference; lastKnownFileType = sourcecode.swift; path = ContentView.swift; sourceTree = "<group>"; };
		2D386557296886F700DA8040 /* Assets.xcassets */ = {isa = PBXFileReference; lastKnownFileType = folder.assetcatalog; path = Assets.xcassets; sourceTree = "<group>"; };
		2D38655A296886F700DA8040 /* Preview Assets.xcassets */ = {isa = PBXFileReference; lastKnownFileType = folder.assetcatalog; path = "Preview Assets.xcassets"; sourceTree = "<group>"; };
		2D38656429688F5400DA8040 /* covers.json */ = {isa = PBXFileReference; fileEncoding = 4; lastKnownFileType = text.json; path = covers.json; sourceTree = "<group>"; };
		2D38656529688F5400DA8040 /* animals.json */ = {isa = PBXFileReference; fileEncoding = 4; lastKnownFileType = text.json; path = animals.json; sourceTree = "<group>"; };
		2D38656629688F5400DA8040 /* locations.json */ = {isa = PBXFileReference; fileEncoding = 4; lastKnownFileType = text.json; path = locations.json; sourceTree = "<group>"; };
		2D38656729688F5400DA8040 /* videos.json */ = {isa = PBXFileReference; fileEncoding = 4; lastKnownFileType = text.json; path = videos.json; sourceTree = "<group>"; };
		2D38656C2968923F00DA8040 /* Info.plist */ = {isa = PBXFileReference; lastKnownFileType = text.plist; path = Info.plist; sourceTree = "<group>"; };
		2D38656E2968936A00DA8040 /* VideoListView.swift */ = {isa = PBXFileReference; lastKnownFileType = sourcecode.swift; path = VideoListView.swift; sourceTree = "<group>"; };
		2D3865702968937800DA8040 /* MapView.swift */ = {isa = PBXFileReference; lastKnownFileType = sourcecode.swift; path = MapView.swift; sourceTree = "<group>"; };
		2D386572296893AC00DA8040 /* GalleryView.swift */ = {isa = PBXFileReference; lastKnownFileType = sourcecode.swift; path = GalleryView.swift; sourceTree = "<group>"; };
		2D386574296893BC00DA8040 /* MainView.swift */ = {isa = PBXFileReference; lastKnownFileType = sourcecode.swift; path = MainView.swift; sourceTree = "<group>"; };
		2D3865772969D61800DA8040 /* CoverImageView.swift */ = {isa = PBXFileReference; lastKnownFileType = sourcecode.swift; path = CoverImageView.swift; sourceTree = "<group>"; };
		2D38657A2969DABF00DA8040 /* CoverImageModel.swift */ = {isa = PBXFileReference; lastKnownFileType = sourcecode.swift; path = CoverImageModel.swift; sourceTree = "<group>"; };
		2D38657D2969DC2C00DA8040 /* CodableBundleExtension.swift */ = {isa = PBXFileReference; lastKnownFileType = sourcecode.swift; path = CodableBundleExtension.swift; sourceTree = "<group>"; };
		2D38657F296B26B200DA8040 /* AnimalListItemView.swift */ = {isa = PBXFileReference; lastKnownFileType = sourcecode.swift; path = AnimalListItemView.swift; sourceTree = "<group>"; };
		2D386581296B284900DA8040 /* AnimalModel.swift */ = {isa = PBXFileReference; lastKnownFileType = sourcecode.swift; path = AnimalModel.swift; sourceTree = "<group>"; };
		2D386583296B2C4F00DA8040 /* AnimalDetailView.swift */ = {isa = PBXFileReference; lastKnownFileType = sourcecode.swift; path = AnimalDetailView.swift; sourceTree = "<group>"; };
		2D386585296B315400DA8040 /* HeadingView.swift */ = {isa = PBXFileReference; lastKnownFileType = sourcecode.swift; path = HeadingView.swift; sourceTree = "<group>"; };
		2D386587296B329D00DA8040 /* InsetGalleryView.swift */ = {isa = PBXFileReference; lastKnownFileType = sourcecode.swift; path = InsetGalleryView.swift; sourceTree = "<group>"; };
		2D386589296B380100DA8040 /* InsetFactView.swift */ = {isa = PBXFileReference; lastKnownFileType = sourcecode.swift; path = InsetFactView.swift; sourceTree = "<group>"; };
		2DDB8FB3296C3B9400EB2FA3 /* InsetMapView.swift */ = {isa = PBXFileReference; lastKnownFileType = sourcecode.swift; path = InsetMapView.swift; sourceTree = "<group>"; };
		2DDB8FB5296C45AA00EB2FA3 /* ExternalWeblinkView.swift */ = {isa = PBXFileReference; lastKnownFileType = sourcecode.swift; path = ExternalWeblinkView.swift; sourceTree = "<group>"; };
		2DDB8FB7296CE7AF00EB2FA3 /* VideoModel.swift */ = {isa = PBXFileReference; lastKnownFileType = sourcecode.swift; path = VideoModel.swift; sourceTree = "<group>"; };
		2DDB8FB9296CE8A500EB2FA3 /* VideoListItemView.swift */ = {isa = PBXFileReference; lastKnownFileType = sourcecode.swift; path = VideoListItemView.swift; sourceTree = "<group>"; };
		2DDB8FBB296CF11600EB2FA3 /* VideoPlayerView.swift */ = {isa = PBXFileReference; lastKnownFileType = sourcecode.swift; path = VideoPlayerView.swift; sourceTree = "<group>"; };
		2DDB8FC0296CF25100EB2FA3 /* VideoPlayer.swift */ = {isa = PBXFileReference; lastKnownFileType = sourcecode.swift; path = VideoPlayer.swift; sourceTree = "<group>"; };
		2DDB8FC4296DA05700EB2FA3 /* gorilla.mp4 */ = {isa = PBXFileReference; lastKnownFileType = file; path = gorilla.mp4; sourceTree = "<group>"; };
		2DDB8FC5296DA05700EB2FA3 /* ostrich.mp4 */ = {isa = PBXFileReference; lastKnownFileType = file; path = ostrich.mp4; sourceTree = "<group>"; };
		2DDB8FC6296DA05700EB2FA3 /* rhino.mp4 */ = {isa = PBXFileReference; lastKnownFileType = file; path = rhino.mp4; sourceTree = "<group>"; };
		2DDB8FC7296DA05700EB2FA3 /* lion.mp4 */ = {isa = PBXFileReference; lastKnownFileType = file; path = lion.mp4; sourceTree = "<group>"; };
		2DDB8FC8296DA05700EB2FA3 /* cheetah.mp4 */ = {isa = PBXFileReference; lastKnownFileType = file; path = cheetah.mp4; sourceTree = "<group>"; };
		2DDB8FC9296DA05800EB2FA3 /* lioness.mp4 */ = {isa = PBXFileReference; lastKnownFileType = file; path = lioness.mp4; sourceTree = "<group>"; };
		2DDB8FCA296DA05800EB2FA3 /* elephant.mp4 */ = {isa = PBXFileReference; lastKnownFileType = file; path = elephant.mp4; sourceTree = "<group>"; };
		2DDB8FCB296DA05800EB2FA3 /* giraffe.mp4 */ = {isa = PBXFileReference; lastKnownFileType = file; path = giraffe.mp4; sourceTree = "<group>"; };
		2DDB8FCC296DA05800EB2FA3 /* zebra.mp4 */ = {isa = PBXFileReference; lastKnownFileType = file; path = zebra.mp4; sourceTree = "<group>"; };
		2DDB8FCD296DA05900EB2FA3 /* hippo.mp4 */ = {isa = PBXFileReference; lastKnownFileType = file; path = hippo.mp4; sourceTree = "<group>"; };
/* End PBXFileReference section */

/* Begin PBXFrameworksBuildPhase section */
		2D38654D296886F500DA8040 /* Frameworks */ = {
			isa = PBXFrameworksBuildPhase;
			buildActionMask = 2147483647;
			files = (
			);
			runOnlyForDeploymentPostprocessing = 0;
		};
/* End PBXFrameworksBuildPhase section */

/* Begin PBXGroup section */
		2D386547296886F500DA8040 = {
			isa = PBXGroup;
			children = (
				2D386552296886F500DA8040 /* Africa */,
				2D386551296886F500DA8040 /* Products */,
			);
			sourceTree = "<group>";
		};
		2D386551296886F500DA8040 /* Products */ = {
			isa = PBXGroup;
			children = (
				2D386550296886F500DA8040 /* Africa.app */,
			);
			name = Products;
			sourceTree = "<group>";
		};
		2D386552296886F500DA8040 /* Africa */ = {
			isa = PBXGroup;
			children = (
				2DDB8FD8296DA06100EB2FA3 /* Video */,
				2DDB8FBF296CF24500EB2FA3 /* Utilities */,
				2D38657C2969DC1400DA8040 /* Extension */,
				2D3865792969DAAB00DA8040 /* Model */,
				2D38656C2968923F00DA8040 /* Info.plist */,
				2D38656329688F3C00DA8040 /* Data */,
				2D3865762969D58400DA8040 /* View */,
				2D38656D2968931F00DA8040 /* App */,
				2D386557296886F700DA8040 /* Assets.xcassets */,
				2D386559296886F700DA8040 /* Preview Content */,
			);
			path = Africa;
			sourceTree = "<group>";
		};
		2D386559296886F700DA8040 /* Preview Content */ = {
			isa = PBXGroup;
			children = (
				2D38655A296886F700DA8040 /* Preview Assets.xcassets */,
			);
			path = "Preview Content";
			sourceTree = "<group>";
		};
		2D38656329688F3C00DA8040 /* Data */ = {
			isa = PBXGroup;
			children = (
				2D38656529688F5400DA8040 /* animals.json */,
				2D38656429688F5400DA8040 /* covers.json */,
				2D38656629688F5400DA8040 /* locations.json */,
				2D38656729688F5400DA8040 /* videos.json */,
			);
			path = Data;
			sourceTree = "<group>";
		};
		2D38656D2968931F00DA8040 /* App */ = {
			isa = PBXGroup;
			children = (
				2D386553296886F500DA8040 /* AfricaApp.swift */,
				2D386555296886F500DA8040 /* ContentView.swift */,
				2D38656E2968936A00DA8040 /* VideoListView.swift */,
				2D3865702968937800DA8040 /* MapView.swift */,
				2D386572296893AC00DA8040 /* GalleryView.swift */,
				2D386574296893BC00DA8040 /* MainView.swift */,
			);
			path = App;
			sourceTree = "<group>";
		};
		2D3865762969D58400DA8040 /* View */ = {
			isa = PBXGroup;
			children = (
				2D3865772969D61800DA8040 /* CoverImageView.swift */,
				2D38657F296B26B200DA8040 /* AnimalListItemView.swift */,
				2D386583296B2C4F00DA8040 /* AnimalDetailView.swift */,
				2D386585296B315400DA8040 /* HeadingView.swift */,
				2D386587296B329D00DA8040 /* InsetGalleryView.swift */,
				2D386589296B380100DA8040 /* InsetFactView.swift */,
				2DDB8FB3296C3B9400EB2FA3 /* InsetMapView.swift */,
				2DDB8FB5296C45AA00EB2FA3 /* ExternalWeblinkView.swift */,
				2DDB8FB9296CE8A500EB2FA3 /* VideoListItemView.swift */,
				2DDB8FBB296CF11600EB2FA3 /* VideoPlayerView.swift */,
			);
			path = View;
			sourceTree = "<group>";
		};
		2D3865792969DAAB00DA8040 /* Model */ = {
			isa = PBXGroup;
			children = (
				2D38657A2969DABF00DA8040 /* CoverImageModel.swift */,
				2D386581296B284900DA8040 /* AnimalModel.swift */,
				2DDB8FB7296CE7AF00EB2FA3 /* VideoModel.swift */,
			);
			path = Model;
			sourceTree = "<group>";
		};
		2D38657C2969DC1400DA8040 /* Extension */ = {
			isa = PBXGroup;
			children = (
				2D38657D2969DC2C00DA8040 /* CodableBundleExtension.swift */,
			);
			path = Extension;
			sourceTree = "<group>";
		};
		2DDB8FBF296CF24500EB2FA3 /* Utilities */ = {
			isa = PBXGroup;
			children = (
				2DDB8FC0296CF25100EB2FA3 /* VideoPlayer.swift */,
			);
			path = Utilities;
			sourceTree = "<group>";
		};
		2DDB8FD8296DA06100EB2FA3 /* Video */ = {
			isa = PBXGroup;
			children = (
				2DDB8FC8296DA05700EB2FA3 /* cheetah.mp4 */,
				2DDB8FCA296DA05800EB2FA3 /* elephant.mp4 */,
				2DDB8FCB296DA05800EB2FA3 /* giraffe.mp4 */,
				2DDB8FC4296DA05700EB2FA3 /* gorilla.mp4 */,
				2DDB8FCD296DA05900EB2FA3 /* hippo.mp4 */,
				2DDB8FC7296DA05700EB2FA3 /* lion.mp4 */,
				2DDB8FC9296DA05800EB2FA3 /* lioness.mp4 */,
				2DDB8FC5296DA05700EB2FA3 /* ostrich.mp4 */,
				2DDB8FC6296DA05700EB2FA3 /* rhino.mp4 */,
				2DDB8FCC296DA05800EB2FA3 /* zebra.mp4 */,
			);
			path = Video;
			sourceTree = "<group>";
		};
/* End PBXGroup section */

/* Begin PBXNativeTarget section */
		2D38654F296886F500DA8040 /* Africa */ = {
			isa = PBXNativeTarget;
			buildConfigurationList = 2D38655E296886F700DA8040 /* Build configuration list for PBXNativeTarget "Africa" */;
			buildPhases = (
				2D38654C296886F500DA8040 /* Sources */,
				2D38654D296886F500DA8040 /* Frameworks */,
				2D38654E296886F500DA8040 /* Resources */,
			);
			buildRules = (
			);
			dependencies = (
			);
			name = Africa;
			productName = Africa;
			productReference = 2D386550296886F500DA8040 /* Africa.app */;
			productType = "com.apple.product-type.application";
		};
/* End PBXNativeTarget section */

/* Begin PBXProject section */
		2D386548296886F500DA8040 /* Project object */ = {
			isa = PBXProject;
			attributes = {
				BuildIndependentTargetsInParallel = 1;
				LastSwiftUpdateCheck = 1420;
				LastUpgradeCheck = 1420;
				TargetAttributes = {
					2D38654F296886F500DA8040 = {
						CreatedOnToolsVersion = 14.2;
					};
				};
			};
			buildConfigurationList = 2D38654B296886F500DA8040 /* Build configuration list for PBXProject "Africa" */;
			compatibilityVersion = "Xcode 14.0";
			developmentRegion = en;
			hasScannedForEncodings = 0;
			knownRegions = (
				en,
				Base,
			);
			mainGroup = 2D386547296886F500DA8040;
			productRefGroup = 2D386551296886F500DA8040 /* Products */;
			projectDirPath = "";
			projectRoot = "";
			targets = (
				2D38654F296886F500DA8040 /* Africa */,
			);
		};
/* End PBXProject section */

/* Begin PBXResourcesBuildPhase section */
		2D38654E296886F500DA8040 /* Resources */ = {
			isa = PBXResourcesBuildPhase;
			buildActionMask = 2147483647;
			files = (
				2D38656929688F5400DA8040 /* animals.json in Resources */,
				2DDB8FD6296DA05900EB2FA3 /* zebra.mp4 in Resources */,
				2D38656829688F5400DA8040 /* covers.json in Resources */,
				2D38656B29688F5400DA8040 /* videos.json in Resources */,
				2DDB8FD1296DA05900EB2FA3 /* lion.mp4 in Resources */,
				2DDB8FD0296DA05900EB2FA3 /* rhino.mp4 in Resources */,
				2DDB8FD4296DA05900EB2FA3 /* elephant.mp4 in Resources */,
				2DDB8FCE296DA05900EB2FA3 /* gorilla.mp4 in Resources */,
				2DDB8FD7296DA05900EB2FA3 /* hippo.mp4 in Resources */,
				2D38655B296886F700DA8040 /* Preview Assets.xcassets in Resources */,
				2D38656A29688F5400DA8040 /* locations.json in Resources */,
				2DDB8FCF296DA05900EB2FA3 /* ostrich.mp4 in Resources */,
				2D386558296886F700DA8040 /* Assets.xcassets in Resources */,
				2DDB8FD2296DA05900EB2FA3 /* cheetah.mp4 in Resources */,
				2DDB8FD5296DA05900EB2FA3 /* giraffe.mp4 in Resources */,
				2DDB8FD3296DA05900EB2FA3 /* lioness.mp4 in Resources */,
			);
			runOnlyForDeploymentPostprocessing = 0;
		};
/* End PBXResourcesBuildPhase section */

/* Begin PBXSourcesBuildPhase section */
		2D38654C296886F500DA8040 /* Sources */ = {
			isa = PBXSourcesBuildPhase;
			buildActionMask = 2147483647;
			files = (
				2DDB8FB6296C45AA00EB2FA3 /* ExternalWeblinkView.swift in Sources */,
				2D386556296886F500DA8040 /* ContentView.swift in Sources */,
				2D386580296B26B200DA8040 /* AnimalListItemView.swift in Sources */,
				2D386575296893BC00DA8040 /* MainView.swift in Sources */,
				2D38658A296B380100DA8040 /* InsetFactView.swift in Sources */,
				2D3865782969D61800DA8040 /* CoverImageView.swift in Sources */,
				2D38657B2969DABF00DA8040 /* CoverImageModel.swift in Sources */,
				2D386584296B2C4F00DA8040 /* AnimalDetailView.swift in Sources */,
				2D386582296B284900DA8040 /* AnimalModel.swift in Sources */,
				2D3865712968937800DA8040 /* MapView.swift in Sources */,
				2DDB8FB4296C3B9400EB2FA3 /* InsetMapView.swift in Sources */,
				2D386554296886F500DA8040 /* AfricaApp.swift in Sources */,
				2D38656F2968936A00DA8040 /* VideoListView.swift in Sources */,
				2DDB8FB8296CE7AF00EB2FA3 /* VideoModel.swift in Sources */,
				2D386573296893AC00DA8040 /* GalleryView.swift in Sources */,
				2D386588296B329D00DA8040 /* InsetGalleryView.swift in Sources */,
				2DDB8FC1296CF25100EB2FA3 /* VideoPlayer.swift in Sources */,
				2DDB8FBA296CE8A500EB2FA3 /* VideoListItemView.swift in Sources */,
				2D38657E2969DC2C00DA8040 /* CodableBundleExtension.swift in Sources */,
				2D386586296B315400DA8040 /* HeadingView.swift in Sources */,
				2DDB8FBC296CF11600EB2FA3 /* VideoPlayerView.swift in Sources */,
			);
			runOnlyForDeploymentPostprocessing = 0;
		};
/* End PBXSourcesBuildPhase section */

/* Begin XCBuildConfiguration section */
		2D38655C296886F700DA8040 /* Debug */ = {
			isa = XCBuildConfiguration;
			buildSettings = {
				ALWAYS_SEARCH_USER_PATHS = NO;
				CLANG_ANALYZER_NONNULL = YES;
				CLANG_ANALYZER_NUMBER_OBJECT_CONVERSION = YES_AGGRESSIVE;
				CLANG_CXX_LANGUAGE_STANDARD = "gnu++20";
				CLANG_ENABLE_MODULES = YES;
				CLANG_ENABLE_OBJC_ARC = YES;
				CLANG_ENABLE_OBJC_WEAK = YES;
				CLANG_WARN_BLOCK_CAPTURE_AUTORELEASING = YES;
				CLANG_WARN_BOOL_CONVERSION = YES;
				CLANG_WARN_COMMA = YES;
				CLANG_WARN_CONSTANT_CONVERSION = YES;
				CLANG_WARN_DEPRECATED_OBJC_IMPLEMENTATIONS = YES;
				CLANG_WARN_DIRECT_OBJC_ISA_USAGE = YES_ERROR;
				CLANG_WARN_DOCUMENTATION_COMMENTS = YES;
				CLANG_WARN_EMPTY_BODY = YES;
				CLANG_WARN_ENUM_CONVERSION = YES;
				CLANG_WARN_INFINITE_RECURSION = YES;
				CLANG_WARN_INT_CONVERSION = YES;
				CLANG_WARN_NON_LITERAL_NULL_CONVERSION = YES;
				CLANG_WARN_OBJC_IMPLICIT_RETAIN_SELF = YES;
				CLANG_WARN_OBJC_LITERAL_CONVERSION = YES;
				CLANG_WARN_OBJC_ROOT_CLASS = YES_ERROR;
				CLANG_WARN_QUOTED_INCLUDE_IN_FRAMEWORK_HEADER = YES;
				CLANG_WARN_RANGE_LOOP_ANALYSIS = YES;
				CLANG_WARN_STRICT_PROTOTYPES = YES;
				CLANG_WARN_SUSPICIOUS_MOVE = YES;
				CLANG_WARN_UNGUARDED_AVAILABILITY = YES_AGGRESSIVE;
				CLANG_WARN_UNREACHABLE_CODE = YES;
				CLANG_WARN__DUPLICATE_METHOD_MATCH = YES;
				COPY_PHASE_STRIP = NO;
				DEBUG_INFORMATION_FORMAT = dwarf;
				ENABLE_STRICT_OBJC_MSGSEND = YES;
				ENABLE_TESTABILITY = YES;
				GCC_C_LANGUAGE_STANDARD = gnu11;
				GCC_DYNAMIC_NO_PIC = NO;
				GCC_NO_COMMON_BLOCKS = YES;
				GCC_OPTIMIZATION_LEVEL = 0;
				GCC_PREPROCESSOR_DEFINITIONS = (
					"DEBUG=1",
					"$(inherited)",
				);
				GCC_WARN_64_TO_32_BIT_CONVERSION = YES;
				GCC_WARN_ABOUT_RETURN_TYPE = YES_ERROR;
				GCC_WARN_UNDECLARED_SELECTOR = YES;
				GCC_WARN_UNINITIALIZED_AUTOS = YES_AGGRESSIVE;
				GCC_WARN_UNUSED_FUNCTION = YES;
				GCC_WARN_UNUSED_VARIABLE = YES;
				IPHONEOS_DEPLOYMENT_TARGET = 16.2;
				MTL_ENABLE_DEBUG_INFO = INCLUDE_SOURCE;
				MTL_FAST_MATH = YES;
				ONLY_ACTIVE_ARCH = YES;
				SDKROOT = iphoneos;
				SWIFT_ACTIVE_COMPILATION_CONDITIONS = DEBUG;
				SWIFT_OPTIMIZATION_LEVEL = "-Onone";
			};
			name = Debug;
		};
		2D38655D296886F700DA8040 /* Release */ = {
			isa = XCBuildConfiguration;
			buildSettings = {
				ALWAYS_SEARCH_USER_PATHS = NO;
				CLANG_ANALYZER_NONNULL = YES;
				CLANG_ANALYZER_NUMBER_OBJECT_CONVERSION = YES_AGGRESSIVE;
				CLANG_CXX_LANGUAGE_STANDARD = "gnu++20";
				CLANG_ENABLE_MODULES = YES;
				CLANG_ENABLE_OBJC_ARC = YES;
				CLANG_ENABLE_OBJC_WEAK = YES;
				CLANG_WARN_BLOCK_CAPTURE_AUTORELEASING = YES;
				CLANG_WARN_BOOL_CONVERSION = YES;
				CLANG_WARN_COMMA = YES;
				CLANG_WARN_CONSTANT_CONVERSION = YES;
				CLANG_WARN_DEPRECATED_OBJC_IMPLEMENTATIONS = YES;
				CLANG_WARN_DIRECT_OBJC_ISA_USAGE = YES_ERROR;
				CLANG_WARN_DOCUMENTATION_COMMENTS = YES;
				CLANG_WARN_EMPTY_BODY = YES;
				CLANG_WARN_ENUM_CONVERSION = YES;
				CLANG_WARN_INFINITE_RECURSION = YES;
				CLANG_WARN_INT_CONVERSION = YES;
				CLANG_WARN_NON_LITERAL_NULL_CONVERSION = YES;
				CLANG_WARN_OBJC_IMPLICIT_RETAIN_SELF = YES;
				CLANG_WARN_OBJC_LITERAL_CONVERSION = YES;
				CLANG_WARN_OBJC_ROOT_CLASS = YES_ERROR;
				CLANG_WARN_QUOTED_INCLUDE_IN_FRAMEWORK_HEADER = YES;
				CLANG_WARN_RANGE_LOOP_ANALYSIS = YES;
				CLANG_WARN_STRICT_PROTOTYPES = YES;
				CLANG_WARN_SUSPICIOUS_MOVE = YES;
				CLANG_WARN_UNGUARDED_AVAILABILITY = YES_AGGRESSIVE;
				CLANG_WARN_UNREACHABLE_CODE = YES;
				CLANG_WARN__DUPLICATE_METHOD_MATCH = YES;
				COPY_PHASE_STRIP = NO;
				DEBUG_INFORMATION_FORMAT = "dwarf-with-dsym";
				ENABLE_NS_ASSERTIONS = NO;
				ENABLE_STRICT_OBJC_MSGSEND = YES;
				GCC_C_LANGUAGE_STANDARD = gnu11;
				GCC_NO_COMMON_BLOCKS = YES;
				GCC_WARN_64_TO_32_BIT_CONVERSION = YES;
				GCC_WARN_ABOUT_RETURN_TYPE = YES_ERROR;
				GCC_WARN_UNDECLARED_SELECTOR = YES;
				GCC_WARN_UNINITIALIZED_AUTOS = YES_AGGRESSIVE;
				GCC_WARN_UNUSED_FUNCTION = YES;
				GCC_WARN_UNUSED_VARIABLE = YES;
				IPHONEOS_DEPLOYMENT_TARGET = 16.2;
				MTL_ENABLE_DEBUG_INFO = NO;
				MTL_FAST_MATH = YES;
				SDKROOT = iphoneos;
				SWIFT_COMPILATION_MODE = wholemodule;
				SWIFT_OPTIMIZATION_LEVEL = "-O";
				VALIDATE_PRODUCT = YES;
			};
			name = Release;
		};
		2D38655F296886F700DA8040 /* Debug */ = {
			isa = XCBuildConfiguration;
			buildSettings = {
				ASSETCATALOG_COMPILER_APPICON_NAME = AppIcon;
				ASSETCATALOG_COMPILER_GLOBAL_ACCENT_COLOR_NAME = AccentColor;
				CODE_SIGN_STYLE = Automatic;
				CURRENT_PROJECT_VERSION = 1;
				DEVELOPMENT_ASSET_PATHS = "\"Africa/Preview Content\"";
				DEVELOPMENT_TEAM = 2H8VP26HBU;
				ENABLE_PREVIEWS = YES;
				GENERATE_INFOPLIST_FILE = YES;
				INFOPLIST_FILE = Africa/Info.plist;
				INFOPLIST_KEY_CFBundleDisplayName = "";
				INFOPLIST_KEY_UIApplicationSceneManifest_Generation = YES;
				INFOPLIST_KEY_UIApplicationSupportsIndirectInputEvents = YES;
				INFOPLIST_KEY_UISupportedInterfaceOrientations_iPad = "UIInterfaceOrientationPortrait UIInterfaceOrientationPortraitUpsideDown UIInterfaceOrientationLandscapeLeft UIInterfaceOrientationLandscapeRight";
				INFOPLIST_KEY_UISupportedInterfaceOrientations_iPhone = "UIInterfaceOrientationPortrait UIInterfaceOrientationLandscapeLeft UIInterfaceOrientationLandscapeRight";
				INFOPLIST_KEY_UIUserInterfaceStyle = Dark;
				LD_RUNPATH_SEARCH_PATHS = (
					"$(inherited)",
					"@executable_path/Frameworks",
				);
				MARKETING_VERSION = 1.0;
				PRODUCT_BUNDLE_IDENTIFIER = odrzywolek.marta.Africa;
				PRODUCT_NAME = "$(TARGET_NAME)";
				SWIFT_EMIT_LOC_STRINGS = YES;
				SWIFT_VERSION = 5.0;
				TARGETED_DEVICE_FAMILY = "1,2";
			};
			name = Debug;
		};
		2D386560296886F700DA8040 /* Release */ = {
			isa = XCBuildConfiguration;
			buildSettings = {
				ASSETCATALOG_COMPILER_APPICON_NAME = AppIcon;
				ASSETCATALOG_COMPILER_GLOBAL_ACCENT_COLOR_NAME = AccentColor;
				CODE_SIGN_STYLE = Automatic;
				CURRENT_PROJECT_VERSION = 1;
				DEVELOPMENT_ASSET_PATHS = "\"Africa/Preview Content\"";
				DEVELOPMENT_TEAM = 2H8VP26HBU;
				ENABLE_PREVIEWS = YES;
				GENERATE_INFOPLIST_FILE = YES;
				INFOPLIST_FILE = Africa/Info.plist;
				INFOPLIST_KEY_CFBundleDisplayName = "";
				INFOPLIST_KEY_UIApplicationSceneManifest_Generation = YES;
				INFOPLIST_KEY_UIApplicationSupportsIndirectInputEvents = YES;
				INFOPLIST_KEY_UISupportedInterfaceOrientations_iPad = "UIInterfaceOrientationPortrait UIInterfaceOrientationPortraitUpsideDown UIInterfaceOrientationLandscapeLeft UIInterfaceOrientationLandscapeRight";
				INFOPLIST_KEY_UISupportedInterfaceOrientations_iPhone = "UIInterfaceOrientationPortrait UIInterfaceOrientationLandscapeLeft UIInterfaceOrientationLandscapeRight";
				INFOPLIST_KEY_UIUserInterfaceStyle = Dark;
				LD_RUNPATH_SEARCH_PATHS = (
					"$(inherited)",
					"@executable_path/Frameworks",
				);
				MARKETING_VERSION = 1.0;
				PRODUCT_BUNDLE_IDENTIFIER = odrzywolek.marta.Africa;
				PRODUCT_NAME = "$(TARGET_NAME)";
				SWIFT_EMIT_LOC_STRINGS = YES;
				SWIFT_VERSION = 5.0;
				TARGETED_DEVICE_FAMILY = "1,2";
			};
			name = Release;
		};
/* End XCBuildConfiguration section */

/* Begin XCConfigurationList section */
		2D38654B296886F500DA8040 /* Build configuration list for PBXProject "Africa" */ = {
			isa = XCConfigurationList;
			buildConfigurations = (
				2D38655C296886F700DA8040 /* Debug */,
				2D38655D296886F700DA8040 /* Release */,
			);
			defaultConfigurationIsVisible = 0;
			defaultConfigurationName = Release;
		};
		2D38655E296886F700DA8040 /* Build configuration list for PBXNativeTarget "Africa" */ = {
			isa = XCConfigurationList;
			buildConfigurations = (
				2D38655F296886F700DA8040 /* Debug */,
				2D386560296886F700DA8040 /* Release */,
			);
			defaultConfigurationIsVisible = 0;
			defaultConfigurationName = Release;
		};
/* End XCConfigurationList section */
	};
	rootObject = 2D386548296886F500DA8040 /* Project object */;
}
